{
  "object": {
    "pins": [
      {
        "package": "secp256k1gm",
        "repositoryURL": "https://github.com/greymass/secp256k1.git",
        "state": {
          "branch": "master",
          "revision": "f5babfbb95166ac3bca64b09adefc0dcda0b5c52",
          "version": null
        }
      },
      {
        "package": "swift-eosio",
        "repositoryURL": "https://github.com/greymass/swift-eosio.git",
        "state": {
          "branch": "master",
          "revision": "fb5b20b4250749ad17a470a022b027713b2de1a7",
          "version": null
        }
      },
      {
        "package": "QueryStringCoder",
        "repositoryURL": "https://github.com/jnordberg/swift-query-string-coder.git",
        "state": {
          "branch": "master",
          "revision": "874a4e31d7c77f3fec56f893229f416e7604da4d",
          "version": null
        }
      },
      {
        "package": "swift-scrypt-legacy",
        "repositoryURL": "https://github.com/greymass/swift-scrypt-legacy.git",
        "state": {
          "branch": "master",
          "revision": "ed2b17079308a7b68e411ed3861dc13468fa3b5c",
          "version": null
        }
      }
    ]
  },
  "version": 1
}
